// !$*UTF8*$!
{
	archiveVersion = 1;
	classes = {
	};
	objectVersion = 46;
	objects = {

/* Begin PBXBuildFile section */
		1AB4B3B61D904C5F008DD0F0 /* AppDelegate.swift in Sources */ = {isa = PBXBuildFile; fileRef = 1AB4B3B51D904C5F008DD0F0 /* AppDelegate.swift */; };
		1AB4B3B81D904C5F008DD0F0 /* ViewController.swift in Sources */ = {isa = PBXBuildFile; fileRef = 1AB4B3B71D904C5F008DD0F0 /* ViewController.swift */; };
		1AB4B3BB1D904C5F008DD0F0 /* Main.storyboard in Resources */ = {isa = PBXBuildFile; fileRef = 1AB4B3B91D904C5F008DD0F0 /* Main.storyboard */; };
		1AB4B3BD1D904C60008DD0F0 /* Assets.xcassets in Resources */ = {isa = PBXBuildFile; fileRef = 1AB4B3BC1D904C60008DD0F0 /* Assets.xcassets */; };
		1AB4B3C01D904C60008DD0F0 /* LaunchScreen.storyboard in Resources */ = {isa = PBXBuildFile; fileRef = 1AB4B3BE1D904C60008DD0F0 /* LaunchScreen.storyboard */; };
/* End PBXBuildFile section */

/* Begin PBXFileReference section */
		1AB4B3B21D904C5F008DD0F0 /* CFS3ToDoList.app */ = {isa = PBXFileReference; explicitFileType = wrapper.application; includeInIndex = 0; path = CFS3ToDoList.app; sourceTree = BUILT_PRODUCTS_DIR; };
		1AB4B3B51D904C5F008DD0F0 /* AppDelegate.swift */ = {isa = PBXFileReference; lastKnownFileType = sourcecode.swift; path = AppDelegate.swift; sourceTree = "<group>"; };
		1AB4B3B71D904C5F008DD0F0 /* ViewController.swift */ = {isa = PBXFileReference; lastKnownFileType = sourcecode.swift; path = ViewController.swift; sourceTree = "<group>"; };
		1AB4B3BA1D904C5F008DD0F0 /* Base */ = {isa = PBXFileReference; lastKnownFileType = file.storyboard; name = Base; path = Base.lproj/Main.storyboard; sourceTree = "<group>"; };
		1AB4B3BC1D904C60008DD0F0 /* Assets.xcassets */ = {isa = PBXFileReference; lastKnownFileType = folder.assetcatalog; path = Assets.xcassets; sourceTree = "<group>"; };
		1AB4B3BF1D904C60008DD0F0 /* Base */ = {isa = PBXFileReference; lastKnownFileType = file.storyboard; name = Base; path = Base.lproj/LaunchScreen.storyboard; sourceTree = "<group>"; };
		1AB4B3C11D904C60008DD0F0 /* Info.plist */ = {isa = PBXFileReference; lastKnownFileType = text.plist.xml; path = Info.plist; sourceTree = "<group>"; };
		1AB4B3C81D904E74008DD0F0 /* Swift3Workshop.playground */ = {isa = PBXFileReference; lastKnownFileType = file.playground; path = Swift3Workshop.playground; sourceTree = "<group>"; };
/* End PBXFileReference section */

/* Begin PBXFrameworksBuildPhase section */
		1AB4B3AF1D904C5F008DD0F0 /* Frameworks */ = {
			isa = PBXFrameworksBuildPhase;
			buildActionMask = 2147483647;
			files = (
			);
			runOnlyForDeploymentPostprocessing = 0;
		};
/* End PBXFrameworksBuildPhase section */

/* Begin PBXGroup section */
		1AB4B3A91D904C5F008DD0F0 = {
			isa = PBXGroup;
			children = (
				1AB4B3B41D904C5F008DD0F0 /* CFS3ToDoList */,
				1AB4B3B31D904C5F008DD0F0 /* Products */,
			);
			sourceTree = "<group>";
		};
		1AB4B3B31D904C5F008DD0F0 /* Products */ = {
			isa = PBXGroup;
			children = (
				1AB4B3B21D904C5F008DD0F0 /* CFS3ToDoList.app */,
			);
			name = Products;
			sourceTree = "<group>";
		};
		1AB4B3B41D904C5F008DD0F0 /* CFS3ToDoList */ = {
			isa = PBXGroup;
			children = (
				1AB4B3CC1D92167B008DD0F0 /* View */,
				1AB4B3CB1D921674008DD0F0 /* Model */,
				1AB4B3C81D904E74008DD0F0 /* Swift3Workshop.playground */,
				1AB4B3CA1D9054BE008DD0F0 /* controllers */,
				1AB4B3C91D9054B0008DD0F0 /* storyboards */,
				1AB4B3C71D904D75008DD0F0 /* supporting */,
			);
			path = CFS3ToDoList;
			sourceTree = "<group>";
		};
		1AB4B3C71D904D75008DD0F0 /* supporting */ = {
			isa = PBXGroup;
			children = (
				1AB4B3BC1D904C60008DD0F0 /* Assets.xcassets */,
				1AB4B3B51D904C5F008DD0F0 /* AppDelegate.swift */,
				1AB4B3C11D904C60008DD0F0 /* Info.plist */,
			);
			name = supporting;
			sourceTree = "<group>";
		};
		1AB4B3C91D9054B0008DD0F0 /* storyboards */ = {
			isa = PBXGroup;
			children = (
				1AB4B3B91D904C5F008DD0F0 /* Main.storyboard */,
				1AB4B3BE1D904C60008DD0F0 /* LaunchScreen.storyboard */,
			);
			name = storyboards;
			sourceTree = "<group>";
		};
		1AB4B3CA1D9054BE008DD0F0 /* controllers */ = {
			isa = PBXGroup;
			children = (
				1AB4B3B71D904C5F008DD0F0 /* ViewController.swift */,
			);
			name = controllers;
			sourceTree = "<group>";
		};
		1AB4B3CB1D921674008DD0F0 /* Model */ = {
			isa = PBXGroup;
			children = (
			);
			name = Model;
			sourceTree = "<group>";
		};
		1AB4B3CC1D92167B008DD0F0 /* View */ = {
			isa = PBXGroup;
			children = (
			);
			name = View;
			sourceTree = "<group>";
		};
/* End PBXGroup section */

/* Begin PBXNativeTarget section */
		1AB4B3B11D904C5F008DD0F0 /* CFS3ToDoList */ = {
			isa = PBXNativeTarget;
			buildConfigurationList = 1AB4B3C41D904C60008DD0F0 /* Build configuration list for PBXNativeTarget "CFS3ToDoList" */;
			buildPhases = (
				1AB4B3AE1D904C5F008DD0F0 /* Sources */,
				1AB4B3AF1D904C5F008DD0F0 /* Frameworks */,
				1AB4B3B01D904C5F008DD0F0 /* Resources */,
			);
			buildRules = (
			);
			dependencies = (
			);
			name = CFS3ToDoList;
			productName = CFS3ToDoList;
			productReference = 1AB4B3B21D904C5F008DD0F0 /* CFS3ToDoList.app */;
			productType = "com.apple.product-type.application";
		};
/* End PBXNativeTarget section */

/* Begin PBXProject section */
		1AB4B3AA1D904C5F008DD0F0 /* Project object */ = {
			isa = PBXProject;
			attributes = {
				LastSwiftUpdateCheck = 0800;
				LastUpgradeCheck = 0800;
				ORGANIZATIONNAME = "Adam Wallraff";
				TargetAttributes = {
					1AB4B3B11D904C5F008DD0F0 = {
						CreatedOnToolsVersion = 8.0;
						DevelopmentTeam = CX2BVPPB63;
						ProvisioningStyle = Automatic;
					};
				};
			};
			buildConfigurationList = 1AB4B3AD1D904C5F008DD0F0 /* Build configuration list for PBXProject "CFS3ToDoList" */;
			compatibilityVersion = "Xcode 3.2";
			developmentRegion = English;
			hasScannedForEncodings = 0;
			knownRegions = (
				en,
				Base,
			);
			mainGroup = 1AB4B3A91D904C5F008DD0F0;
			productRefGroup = 1AB4B3B31D904C5F008DD0F0 /* Products */;
			projectDirPath = "";
			projectRoot = "";
			targets = (
				1AB4B3B11D904C5F008DD0F0 /* CFS3ToDoList */,
			);
		};
/* End PBXProject section */

/* Begin PBXResourcesBuildPhase section */
		1AB4B3B01D904C5F008DD0F0 /* Resources */ = {
			isa = PBXResourcesBuildPhase;
			buildActionMask = 2147483647;
			files = (
				1AB4B3C01D904C60008DD0F0 /* LaunchScreen.storyboard in Resources */,
				1AB4B3BD1D904C60008DD0F0 /* Assets.xcassets in Resources */,
				1AB4B3BB1D904C5F008DD0F0 /* Main.storyboard in Resources */,
			);
			runOnlyForDeploymentPostprocessing = 0;
		};
/* End PBXResourcesBuildPhase section */

/* Begin PBXSourcesBuildPhase section */
		1AB4B3AE1D904C5F008DD0F0 /* Sources */ = {
			isa = PBXSourcesBuildPhase;
			buildActionMask = 2147483647;
			files = (
				1AB4B3B81D904C5F008DD0F0 /* ViewController.swift in Sources */,
				1AB4B3B61D904C5F008DD0F0 /* AppDelegate.swift in Sources */,
			);
			runOnlyForDeploymentPostprocessing = 0;
		};
/* End PBXSourcesBuildPhase section */

/* Begin PBXVariantGroup section */
		1AB4B3B91D904C5F008DD0F0 /* Main.storyboard */ = {
			isa = PBXVariantGroup;
			children = (
				1AB4B3BA1D904C5F008DD0F0 /* Base */,
			);
			name = Main.storyboard;
			sourceTree = "<group>";
		};
		1AB4B3BE1D904C60008DD0F0 /* LaunchScreen.storyboard */ = {
			isa = PBXVariantGroup;
			children = (
				1AB4B3BF1D904C60008DD0F0 /* Base */,
			);
			name = LaunchScreen.storyboard;
			sourceTree = "<group>";
		};
/* End PBXVariantGroup section */

/* Begin XCBuildConfiguration section */
		1AB4B3C21D904C60008DD0F0 /* Debug */ = {
			isa = XCBuildConfiguration;
			buildSettings = {
				ALWAYS_SEARCH_USER_PATHS = NO;
				CLANG_ANALYZER_NONNULL = YES;
				CLANG_CXX_LANGUAGE_STANDARD = "gnu++0x";
				CLANG_CXX_LIBRARY = "libc++";
				CLANG_ENABLE_MODULES = YES;
				CLANG_ENABLE_OBJC_ARC = YES;
				CLANG_WARN_BOOL_CONVERSION = YES;
				CLANG_WARN_CONSTANT_CONVERSION = YES;
				CLANG_WARN_DIRECT_OBJC_ISA_USAGE = YES_ERROR;
				CLANG_WARN_DOCUMENTATION_COMMENTS = YES;
				CLANG_WARN_EMPTY_BODY = YES;
				CLANG_WARN_ENUM_CONVERSION = YES;
				CLANG_WARN_INFINITE_RECURSION = YES;
				CLANG_WARN_INT_CONVERSION = YES;
				CLANG_WARN_OBJC_ROOT_CLASS = YES_ERROR;
				CLANG_WARN_SUSPICIOUS_MOVES = YES;
				CLANG_WARN_UNREACHABLE_CODE = YES;
				CLANG_WARN__DUPLICATE_METHOD_MATCH = YES;
				"CODE_SIGN_IDENTITY[sdk=iphoneos*]" = "iPhone Developer";
				COPY_PHASE_STRIP = NO;
				DEBUG_INFORMATION_FORMAT = dwarf;
				ENABLE_STRICT_OBJC_MSGSEND = YES;
				ENABLE_TESTABILITY = YES;
				GCC_C_LANGUAGE_STANDARD = gnu99;
				GCC_DYNAMIC_NO_PIC = NO;
				GCC_NO_COMMON_BLOCKS = YES;
				GCC_OPTIMIZATION_LEVEL = 0;
				GCC_PREPROCESSOR_DEFINITIONS = (
					"DEBUG=1",
					"$(inherited)",
				);
				GCC_WARN_64_TO_32_BIT_CONVERSION = YES;
				GCC_WARN_ABOUT_RETURN_TYPE = YES_ERROR;
				GCC_WARN_UNDECLARED_SELECTOR = YES;
				GCC_WARN_UNINITIALIZED_AUTOS = YES_AGGRESSIVE;
				GCC_WARN_UNUSED_FUNCTION = YES;
				GCC_WARN_UNUSED_VARIABLE = YES;
				IPHONEOS_DEPLOYMENT_TARGET = 10.0;
				MTL_ENABLE_DEBUG_INFO = YES;
				ONLY_ACTIVE_ARCH = YES;
				SDKROOT = iphoneos;
				SWIFT_ACTIVE_COMPILATION_CONDITIONS = DEBUG;
				SWIFT_OPTIMIZATION_LEVEL = "-Onone";
				TARGETED_DEVICE_FAMILY = "1,2";
			};
			name = Debug;
		};
		1AB4B3C31D904C60008DD0F0 /* Release */ = {
			isa = XCBuildConfiguration;
			buildSettings = {
				ALWAYS_SEARCH_USER_PATHS = NO;
				CLANG_ANALYZER_NONNULL = YES;
				CLANG_CXX_LANGUAGE_STANDARD = "gnu++0x";
				CLANG_CXX_LIBRARY = "libc++";
				CLANG_ENABLE_MODULES = YES;
				CLANG_ENABLE_OBJC_ARC = YES;
				CLANG_WARN_BOOL_CONVERSION = YES;
				CLANG_WARN_CONSTANT_CONVERSION = YES;
				CLANG_WARN_DIRECT_OBJC_ISA_USAGE = YES_ERROR;
				CLANG_WARN_DOCUMENTATION_COMMENTS = YES;
				CLANG_WARN_EMPTY_BODY = YES;
				CLANG_WARN_ENUM_CONVERSION = YES;
				CLANG_WARN_INFINITE_RECURSION = YES;
				CLANG_WARN_INT_CONVERSION = YES;
				CLANG_WARN_OBJC_ROOT_CLASS = YES_ERROR;
				CLANG_WARN_SUSPICIOUS_MOVES = YES;
				CLANG_WARN_UNREACHABLE_CODE = YES;
				CLANG_WARN__DUPLICATE_METHOD_MATCH = YES;
				"CODE_SIGN_IDENTITY[sdk=iphoneos*]" = "iPhone Developer";
				COPY_PHASE_STRIP = NO;
				DEBUG_INFORMATION_FORMAT = "dwarf-with-dsym";
				ENABLE_NS_ASSERTIONS = NO;
				ENABLE_STRICT_OBJC_MSGSEND = YES;
				GCC_C_LANGUAGE_STANDARD = gnu99;
				GCC_NO_COMMON_BLOCKS = YES;
				GCC_WARN_64_TO_32_BIT_CONVERSION = YES;
				GCC_WARN_ABOUT_RETURN_TYPE = YES_ERROR;
				GCC_WARN_UNDECLARED_SELECTOR = YES;
				GCC_WARN_UNINITIALIZED_AUTOS = YES_AGGRESSIVE;
				GCC_WARN_UNUSED_FUNCTION = YES;
				GCC_WARN_UNUSED_VARIABLE = YES;
				IPHONEOS_DEPLOYMENT_TARGET = 10.0;
				MTL_ENABLE_DEBUG_INFO = NO;
				SDKROOT = iphoneos;
				SWIFT_OPTIMIZATION_LEVEL = "-Owholemodule";
				TARGETED_DEVICE_FAMILY = "1,2";
				VALIDATE_PRODUCT = YES;
			};
			name = Release;
		};
		1AB4B3C51D904C60008DD0F0 /* Debug */ = {
			isa = XCBuildConfiguration;
			buildSettings = {
				ASSETCATALOG_COMPILER_APPICON_NAME = AppIcon;
				DEVELOPMENT_TEAM = CX2BVPPB63;
				INFOPLIST_FILE = CFS3ToDoList/Info.plist;
				LD_RUNPATH_SEARCH_PATHS = "$(inherited) @executable_path/Frameworks";
				PRODUCT_BUNDLE_IDENTIFIER = com.adamwallraff.CFS3ToDoList;
				PRODUCT_NAME = "$(TARGET_NAME)";
				SWIFT_VERSION = 3.0;
			};
			name = Debug;
		};
		1AB4B3C61D904C60008DD0F0 /* Release */ = {
			isa = XCBuildConfiguration;
			buildSettings = {
				ASSETCATALOG_COMPILER_APPICON_NAME = AppIcon;
				DEVELOPMENT_TEAM = CX2BVPPB63;
				INFOPLIST_FILE = CFS3ToDoList/Info.plist;
				LD_RUNPATH_SEARCH_PATHS = "$(inherited) @executable_path/Frameworks";
				PRODUCT_BUNDLE_IDENTIFIER = com.adamwallraff.CFS3ToDoList;
				PRODUCT_NAME = "$(TARGET_NAME)";
				SWIFT_VERSION = 3.0;
			};
			name = Release;
		};
/* End XCBuildConfiguration section */

/* Begin XCConfigurationList section */
		1AB4B3AD1D904C5F008DD0F0 /* Build configuration list for PBXProject "CFS3ToDoList" */ = {
			isa = XCConfigurationList;
			buildConfigurations = (
				1AB4B3C21D904C60008DD0F0 /* Debug */,
				1AB4B3C31D904C60008DD0F0 /* Release */,
			);
			defaultConfigurationIsVisible = 0;
			defaultConfigurationName = Release;
		};
		1AB4B3C41D904C60008DD0F0 /* Build configuration list for PBXNativeTarget "CFS3ToDoList" */ = {
			isa = XCConfigurationList;
			buildConfigurations = (
				1AB4B3C51D904C60008DD0F0 /* Debug */,
				1AB4B3C61D904C60008DD0F0 /* Release */,
			);
			defaultConfigurationIsVisible = 0;
			defaultConfigurationName = Release;
		};
/* End XCConfigurationList section */
	};
	rootObject = 1AB4B3AA1D904C5F008DD0F0 /* Project object */;
}
